// !$*UTF8*$!
{
	archiveVersion = 1;
	classes = {
	};
	objectVersion = 46;
	objects = {

/* Begin PBXBuildFile section */
		02B6633FBB3C8B053CD834A4 /* UIKit.framework in Frameworks */ = {isa = PBXBuildFile; fileRef = BA6F77503E6697FFC1575D8F /* UIKit.framework */; };
		053174624AE7E522F8510656 /* MemorySpaceStore.swift in Sources */ = {isa = PBXBuildFile; fileRef = B254885D80F575D123F2FB3C /* MemorySpaceStore.swift */; };
		0C13A975F74223DB8EB0A664 /* Foundation.framework in Frameworks */ = {isa = PBXBuildFile; fileRef = AFF826370BDDD51D510D70EF /* Foundation.framework */; };
		0D17E77AD10808CB09740CD9 /* AppIntents.framework in Frameworks */ = {isa = PBXBuildFile; fileRef = 7D353D75544F14A0FA5ECC20 /* AppIntents.framework */; };
		14360631936A0A226F4603CC /* QuickCaptureIntent.swift in Sources */ = {isa = PBXBuildFile; fileRef = 93FF32E1006F856C32181B02 /* QuickCaptureIntent.swift */; };
		1BF5680BF649CE70C504E356 /* TextExtractor.swift in Sources */ = {isa = PBXBuildFile; fileRef = 294E6B50C960AA7F57709499 /* TextExtractor.swift */; };
		22A330CD379A078B274A3543 /* Photos.framework in Frameworks */ = {isa = PBXBuildFile; fileRef = F9B1BC41EAD30FCFBB12188C /* Photos.framework */; };
		26C42BF851DEF23CF26D2EE7 /* AVFoundation.framework in Frameworks */ = {isa = PBXBuildFile; fileRef = A2BFD9C526783D4745E68B5B /* AVFoundation.framework */; };
		41EF1BD2E5A176554BF21E4A /* Speech.framework in Frameworks */ = {isa = PBXBuildFile; fileRef = 1C6322129DE0B8D3B2196F89 /* Speech.framework */; };
		43BFB448EBE9A7FAF14B3ABC /* CameraPicker.swift in Sources */ = {isa = PBXBuildFile; fileRef = DCB6EED9F1BEE56E25F07797 /* CameraPicker.swift */; };
		52D40FE0AB30C59A39AAA19C /* LatestScreenshotImporter.swift in Sources */ = {isa = PBXBuildFile; fileRef = E8A58A07E50D0864268F0D61 /* LatestScreenshotImporter.swift */; };
		67336049D925DA7AA3264A11 /* QuickCaptureView.swift in Sources */ = {isa = PBXBuildFile; fileRef = BE97143713156FD871B96C69 /* QuickCaptureView.swift */; };
		775993C06780C7B483655862 /* Vision.framework in Frameworks */ = {isa = PBXBuildFile; fileRef = 29F4BBAB348F75340A28ED78 /* Vision.framework */; };
		89BDD865BCFBBDD68E5640F9 /* SwiftData.framework in Frameworks */ = {isa = PBXBuildFile; fileRef = 4A0223C324DA226377CB8C60 /* SwiftData.framework */; };
		8AB2AA268FE1C2FFEF8284B3 /* PhotosUI.framework in Frameworks */ = {isa = PBXBuildFile; fileRef = C9A6D0B4369D99ECB23A80D9 /* PhotosUI.framework */; };
		BC3EEC1E79E65BBB76E785ED /* ContentView.swift in Sources */ = {isa = PBXBuildFile; fileRef = DCF3E8D3F94FB785854918BB /* ContentView.swift */; };
		CC71D4A5EBBA19AA05AF9FF7 /* LocalFileStore.swift in Sources */ = {isa = PBXBuildFile; fileRef = C921FAB0114F769E2FBCF17E /* LocalFileStore.swift */; };
		E27F9257587E7406F1043113 /* AudioRecorder.swift in Sources */ = {isa = PBXBuildFile; fileRef = DCE1AA2F7F668B70354A4ACC /* AudioRecorder.swift */; };
		E38CBA755408748D29A953E1 /* MemorySpaceApp.swift in Sources */ = {isa = PBXBuildFile; fileRef = BF96C6BE5A8F73405F894EFB /* MemorySpaceApp.swift */; };
		E4CD12946FF0D5F7007B7653 /* CaptureItem.swift in Sources */ = {isa = PBXBuildFile; fileRef = ADB620F9750810FC79FF3308 /* CaptureItem.swift */; };
		E74E49DA4FD0E5458B61FF8C /* SwiftUI.framework in Frameworks */ = {isa = PBXBuildFile; fileRef = 502E93590FF199E24DAE7DCD /* SwiftUI.framework */; };
		E903611D5F4E1373653EF3FD /* CaptureDetailView.swift in Sources */ = {isa = PBXBuildFile; fileRef = 6CFBC3065212BF6186D70EE0 /* CaptureDetailView.swift */; };
		F39D6F18CEE83947455A6842 /* SpeechTranscriber.swift in Sources */ = {isa = PBXBuildFile; fileRef = 69BC721B56D5EF7801DA951A /* SpeechTranscriber.swift */; };
/* End PBXBuildFile section */

/* Begin PBXFileReference section */
		048F8404442FB24B6C6716B0 /* Info.plist */ = {isa = PBXFileReference; includeInIndex = 1; lastKnownFileType = text.plist.xml; path = Info.plist; sourceTree = "<group>"; };
		1C6322129DE0B8D3B2196F89 /* Speech.framework */ = {isa = PBXFileReference; lastKnownFileType = wrapper.framework; name = Speech.framework; path = System/Library/Frameworks/Speech.framework; sourceTree = SDKROOT; };
		294E6B50C960AA7F57709499 /* TextExtractor.swift */ = {isa = PBXFileReference; includeInIndex = 1; lastKnownFileType = sourcecode.swift; path = TextExtractor.swift; sourceTree = "<group>"; };
		29F4BBAB348F75340A28ED78 /* Vision.framework */ = {isa = PBXFileReference; lastKnownFileType = wrapper.framework; name = Vision.framework; path = System/Library/Frameworks/Vision.framework; sourceTree = SDKROOT; };
		4A0223C324DA226377CB8C60 /* SwiftData.framework */ = {isa = PBXFileReference; lastKnownFileType = wrapper.framework; name = SwiftData.framework; path = System/Library/Frameworks/SwiftData.framework; sourceTree = SDKROOT; };
		502E93590FF199E24DAE7DCD /* SwiftUI.framework */ = {isa = PBXFileReference; lastKnownFileType = wrapper.framework; name = SwiftUI.framework; path = System/Library/Frameworks/SwiftUI.framework; sourceTree = SDKROOT; };
		69BC721B56D5EF7801DA951A /* SpeechTranscriber.swift */ = {isa = PBXFileReference; includeInIndex = 1; lastKnownFileType = sourcecode.swift; path = SpeechTranscriber.swift; sourceTree = "<group>"; };
		6CFBC3065212BF6186D70EE0 /* CaptureDetailView.swift */ = {isa = PBXFileReference; includeInIndex = 1; lastKnownFileType = sourcecode.swift; path = CaptureDetailView.swift; sourceTree = "<group>"; };
		7D353D75544F14A0FA5ECC20 /* AppIntents.framework */ = {isa = PBXFileReference; lastKnownFileType = wrapper.framework; name = AppIntents.framework; path = System/Library/Frameworks/AppIntents.framework; sourceTree = SDKROOT; };
		93FF32E1006F856C32181B02 /* QuickCaptureIntent.swift */ = {isa = PBXFileReference; includeInIndex = 1; lastKnownFileType = sourcecode.swift; path = QuickCaptureIntent.swift; sourceTree = "<group>"; };
		992A1FF1577F22CFD534B5B4 /* MemorySpace.app */ = {isa = PBXFileReference; explicitFileType = wrapper.application; includeInIndex = 0; path = MemorySpace.app; sourceTree = BUILT_PRODUCTS_DIR; };
		A2BFD9C526783D4745E68B5B /* AVFoundation.framework */ = {isa = PBXFileReference; lastKnownFileType = wrapper.framework; name = AVFoundation.framework; path = System/Library/Frameworks/AVFoundation.framework; sourceTree = SDKROOT; };
		ADB620F9750810FC79FF3308 /* CaptureItem.swift */ = {isa = PBXFileReference; includeInIndex = 1; lastKnownFileType = sourcecode.swift; path = CaptureItem.swift; sourceTree = "<group>"; };
		AFF826370BDDD51D510D70EF /* Foundation.framework */ = {isa = PBXFileReference; lastKnownFileType = wrapper.framework; name = Foundation.framework; path = Platforms/iPhoneOS.platform/Developer/SDKs/iPhoneOS26.0.sdk/System/Library/Frameworks/Foundation.framework; sourceTree = DEVELOPER_DIR; };
		B254885D80F575D123F2FB3C /* MemorySpaceStore.swift */ = {isa = PBXFileReference; includeInIndex = 1; lastKnownFileType = sourcecode.swift; path = MemorySpaceStore.swift; sourceTree = "<group>"; };
		BA6F77503E6697FFC1575D8F /* UIKit.framework */ = {isa = PBXFileReference; lastKnownFileType = wrapper.framework; name = UIKit.framework; path = System/Library/Frameworks/UIKit.framework; sourceTree = SDKROOT; };
		BE97143713156FD871B96C69 /* QuickCaptureView.swift */ = {isa = PBXFileReference; includeInIndex = 1; lastKnownFileType = sourcecode.swift; path = QuickCaptureView.swift; sourceTree = "<group>"; };
		BF96C6BE5A8F73405F894EFB /* MemorySpaceApp.swift */ = {isa = PBXFileReference; includeInIndex = 1; lastKnownFileType = sourcecode.swift; path = MemorySpaceApp.swift; sourceTree = "<group>"; };
		C921FAB0114F769E2FBCF17E /* LocalFileStore.swift */ = {isa = PBXFileReference; includeInIndex = 1; lastKnownFileType = sourcecode.swift; path = LocalFileStore.swift; sourceTree = "<group>"; };
		C9A6D0B4369D99ECB23A80D9 /* PhotosUI.framework */ = {isa = PBXFileReference; lastKnownFileType = wrapper.framework; name = PhotosUI.framework; path = System/Library/Frameworks/PhotosUI.framework; sourceTree = SDKROOT; };
		DCB6EED9F1BEE56E25F07797 /* CameraPicker.swift */ = {isa = PBXFileReference; includeInIndex = 1; lastKnownFileType = sourcecode.swift; path = CameraPicker.swift; sourceTree = "<group>"; };
		DCE1AA2F7F668B70354A4ACC /* AudioRecorder.swift */ = {isa = PBXFileReference; includeInIndex = 1; lastKnownFileType = sourcecode.swift; path = AudioRecorder.swift; sourceTree = "<group>"; };
		DCF3E8D3F94FB785854918BB /* ContentView.swift */ = {isa = PBXFileReference; includeInIndex = 1; lastKnownFileType = sourcecode.swift; path = ContentView.swift; sourceTree = "<group>"; };
		E8A58A07E50D0864268F0D61 /* LatestScreenshotImporter.swift */ = {isa = PBXFileReference; includeInIndex = 1; lastKnownFileType = sourcecode.swift; path = LatestScreenshotImporter.swift; sourceTree = "<group>"; };
		F9B1BC41EAD30FCFBB12188C /* Photos.framework */ = {isa = PBXFileReference; lastKnownFileType = wrapper.framework; name = Photos.framework; path = System/Library/Frameworks/Photos.framework; sourceTree = SDKROOT; };
/* End PBXFileReference section */

/* Begin PBXFrameworksBuildPhase section */
		F69D327790882B49F9FC376D /* Frameworks */ = {
			isa = PBXFrameworksBuildPhase;
			buildActionMask = 2147483647;
			files = (
				0C13A975F74223DB8EB0A664 /* Foundation.framework in Frameworks */,
				0D17E77AD10808CB09740CD9 /* AppIntents.framework in Frameworks */,
				26C42BF851DEF23CF26D2EE7 /* AVFoundation.framework in Frameworks */,
				22A330CD379A078B274A3543 /* Photos.framework in Frameworks */,
				8AB2AA268FE1C2FFEF8284B3 /* PhotosUI.framework in Frameworks */,
				41EF1BD2E5A176554BF21E4A /* Speech.framework in Frameworks */,
				89BDD865BCFBBDD68E5640F9 /* SwiftData.framework in Frameworks */,
				E74E49DA4FD0E5458B61FF8C /* SwiftUI.framework in Frameworks */,
				02B6633FBB3C8B053CD834A4 /* UIKit.framework in Frameworks */,
				775993C06780C7B483655862 /* Vision.framework in Frameworks */,
			);
			runOnlyForDeploymentPostprocessing = 0;
		};
/* End PBXFrameworksBuildPhase section */

/* Begin PBXGroup section */
		0CF073EE37E6A6231972948A /* Views */ = {
			isa = PBXGroup;
			children = (
				DCB6EED9F1BEE56E25F07797 /* CameraPicker.swift */,
				6CFBC3065212BF6186D70EE0 /* CaptureDetailView.swift */,
				DCF3E8D3F94FB785854918BB /* ContentView.swift */,
				BE97143713156FD871B96C69 /* QuickCaptureView.swift */,
			);
			name = Views;
			path = Views;
			sourceTree = "<group>";
		};
		10832149E7D2163D1CD5576A /* MemorySpace */ = {
			isa = PBXGroup;
			children = (
				18FEED7579037A8B4645E645 /* App */,
				FE0401F7B4D8D65E7733C830 /* Models */,
				AE0423A01B5D872EDDEEE653 /* Services */,
				0CF073EE37E6A6231972948A /* Views */,
				B15E1A644D2299548249C820 /* Supporting */,
			);
			name = MemorySpace;
			path = MemorySpace;
			sourceTree = "<group>";
		};
		18FEED7579037A8B4645E645 /* App */ = {
			isa = PBXGroup;
			children = (
				BF96C6BE5A8F73405F894EFB /* MemorySpaceApp.swift */,
			);
			name = App;
			path = App;
			sourceTree = "<group>";
		};
		1BCAE8E5931160E38222B2DA = {
			isa = PBXGroup;
			children = (
				25825254A15515C85AB0A6A8 /* Products */,
				B171A2319EAFFC323791C2DC /* Frameworks */,
				10832149E7D2163D1CD5576A /* MemorySpace */,
			);
			sourceTree = "<group>";
		};
		25825254A15515C85AB0A6A8 /* Products */ = {
			isa = PBXGroup;
			children = (
				992A1FF1577F22CFD534B5B4 /* MemorySpace.app */,
			);
			name = Products;
			sourceTree = "<group>";
		};
		AE0423A01B5D872EDDEEE653 /* Services */ = {
			isa = PBXGroup;
			children = (
				DCE1AA2F7F668B70354A4ACC /* AudioRecorder.swift */,
				E8A58A07E50D0864268F0D61 /* LatestScreenshotImporter.swift */,
				C921FAB0114F769E2FBCF17E /* LocalFileStore.swift */,
				B254885D80F575D123F2FB3C /* MemorySpaceStore.swift */,
				93FF32E1006F856C32181B02 /* QuickCaptureIntent.swift */,
				69BC721B56D5EF7801DA951A /* SpeechTranscriber.swift */,
				294E6B50C960AA7F57709499 /* TextExtractor.swift */,
			);
			name = Services;
			path = Services;
			sourceTree = "<group>";
		};
		B15E1A644D2299548249C820 /* Supporting */ = {
			isa = PBXGroup;
			children = (
				048F8404442FB24B6C6716B0 /* Info.plist */,
			);
			name = Supporting;
			path = Supporting;
			sourceTree = "<group>";
		};
		B171A2319EAFFC323791C2DC /* Frameworks */ = {
			isa = PBXGroup;
			children = (
				CFFC57FF5FF61F8378A7FEAF /* iOS */,
				7D353D75544F14A0FA5ECC20 /* AppIntents.framework */,
				A2BFD9C526783D4745E68B5B /* AVFoundation.framework */,
				F9B1BC41EAD30FCFBB12188C /* Photos.framework */,
				C9A6D0B4369D99ECB23A80D9 /* PhotosUI.framework */,
				1C6322129DE0B8D3B2196F89 /* Speech.framework */,
				4A0223C324DA226377CB8C60 /* SwiftData.framework */,
				502E93590FF199E24DAE7DCD /* SwiftUI.framework */,
				BA6F77503E6697FFC1575D8F /* UIKit.framework */,
				29F4BBAB348F75340A28ED78 /* Vision.framework */,
			);
			name = Frameworks;
			sourceTree = "<group>";
		};
		CFFC57FF5FF61F8378A7FEAF /* iOS */ = {
			isa = PBXGroup;
			children = (
				AFF826370BDDD51D510D70EF /* Foundation.framework */,
			);
			name = iOS;
			sourceTree = "<group>";
		};
		FE0401F7B4D8D65E7733C830 /* Models */ = {
			isa = PBXGroup;
			children = (
				ADB620F9750810FC79FF3308 /* CaptureItem.swift */,
			);
			name = Models;
			path = Models;
			sourceTree = "<group>";
		};
/* End PBXGroup section */

/* Begin PBXNativeTarget section */
		34A02739D2EFC84A8B65DAC2 /* MemorySpace */ = {
			isa = PBXNativeTarget;
			buildConfigurationList = 913DD25FA767F5E15BECB91E /* Build configuration list for PBXNativeTarget "MemorySpace" */;
			buildPhases = (
				5712B276CE29E4EA68A71547 /* Sources */,
				F69D327790882B49F9FC376D /* Frameworks */,
				3B08E95C317816F57C95DA88 /* Resources */,
			);
			buildRules = (
			);
			dependencies = (
			);
			name = MemorySpace;
			productName = "Memory Space";
			productReference = 992A1FF1577F22CFD534B5B4 /* MemorySpace.app */;
			productType = "com.apple.product-type.application";
		};
/* End PBXNativeTarget section */

/* Begin PBXProject section */
		E2A85F53F8AE11E7FE27FF48 /* Project object */ = {
			isa = PBXProject;
			attributes = {
				LastSwiftUpdateCheck = 1600;
				LastUpgradeCheck = 1600;
			};
			buildConfigurationList = D442D9089847FA4290E1D4AE /* Build configuration list for PBXProject "MemorySpace" */;
			compatibilityVersion = "Xcode 3.2";
			developmentRegion = en;
			hasScannedForEncodings = 0;
			knownRegions = (
				en,
				Base,
			);
			mainGroup = 1BCAE8E5931160E38222B2DA;
			minimizedProjectReferenceProxies = 0;
			preferredProjectObjectVersion = 100;
			productRefGroup = 25825254A15515C85AB0A6A8 /* Products */;
			projectDirPath = "";
			projectRoot = "";
			targets = (
				34A02739D2EFC84A8B65DAC2 /* MemorySpace */,
			);
		};
/* End PBXProject section */

/* Begin PBXResourcesBuildPhase section */
		3B08E95C317816F57C95DA88 /* Resources */ = {
			isa = PBXResourcesBuildPhase;
			buildActionMask = 2147483647;
			files = (
			);
			runOnlyForDeploymentPostprocessing = 0;
		};
/* End PBXResourcesBuildPhase section */

/* Begin PBXSourcesBuildPhase section */
		5712B276CE29E4EA68A71547 /* Sources */ = {
			isa = PBXSourcesBuildPhase;
			buildActionMask = 2147483647;
			files = (
				E38CBA755408748D29A953E1 /* MemorySpaceApp.swift in Sources */,
				E4CD12946FF0D5F7007B7653 /* CaptureItem.swift in Sources */,
				E27F9257587E7406F1043113 /* AudioRecorder.swift in Sources */,
				52D40FE0AB30C59A39AAA19C /* LatestScreenshotImporter.swift in Sources */,
				CC71D4A5EBBA19AA05AF9FF7 /* LocalFileStore.swift in Sources */,
				053174624AE7E522F8510656 /* MemorySpaceStore.swift in Sources */,
				14360631936A0A226F4603CC /* QuickCaptureIntent.swift in Sources */,
				F39D6F18CEE83947455A6842 /* SpeechTranscriber.swift in Sources */,
				1BF5680BF649CE70C504E356 /* TextExtractor.swift in Sources */,
				43BFB448EBE9A7FAF14B3ABC /* CameraPicker.swift in Sources */,
				E903611D5F4E1373653EF3FD /* CaptureDetailView.swift in Sources */,
				BC3EEC1E79E65BBB76E785ED /* ContentView.swift in Sources */,
				67336049D925DA7AA3264A11 /* QuickCaptureView.swift in Sources */,
			);
			runOnlyForDeploymentPostprocessing = 0;
		};
/* End PBXSourcesBuildPhase section */

/* Begin XCBuildConfiguration section */
		032EE547D502152B22A0FF85 /* Debug */ = {
			isa = XCBuildConfiguration;
			buildSettings = {
				ASSETCATALOG_COMPILER_APPICON_NAME = AppIcon;
				ASSETCATALOG_COMPILER_GLOBAL_ACCENT_COLOR_NAME = AccentColor;
				CLANG_ENABLE_OBJC_WEAK = NO;
				CODE_SIGN_STYLE = Automatic;
				CURRENT_PROJECT_VERSION = 1;
				GENERATE_INFOPLIST_FILE = NO;
				INFOPLIST_FILE = MemorySpace/Supporting/Info.plist;
				IPHONEOS_DEPLOYMENT_TARGET = 17.0;
				LD_RUNPATH_SEARCH_PATHS = "$(inherited) @executable_path/Frameworks";
				MARKETING_VERSION = 0.1.0;
				PRODUCT_BUNDLE_IDENTIFIER = com.etienneduplessix.memoryspace;
				PRODUCT_NAME = "Memory Space";
				SDKROOT = iphoneos;
				SWIFT_STRICT_CONCURRENCY = minimal;
				SWIFT_VERSION = 5.0;
				TARGETED_DEVICE_FAMILY = 1;
			};
			name = Debug;
		};
		4F4BE3CE0BE9252A6A6AC139 /* Release */ = {
			isa = XCBuildConfiguration;
			buildSettings = {
				ASSETCATALOG_COMPILER_APPICON_NAME = AppIcon;
				ASSETCATALOG_COMPILER_GLOBAL_ACCENT_COLOR_NAME = AccentColor;
				CLANG_ENABLE_OBJC_WEAK = NO;
				CODE_SIGN_STYLE = Automatic;
				CURRENT_PROJECT_VERSION = 1;
				GENERATE_INFOPLIST_FILE = NO;
				INFOPLIST_FILE = MemorySpace/Supporting/Info.plist;
				IPHONEOS_DEPLOYMENT_TARGET = 17.0;
				LD_RUNPATH_SEARCH_PATHS = "$(inherited) @executable_path/Frameworks";
				MARKETING_VERSION = 0.1.0;
				PRODUCT_BUNDLE_IDENTIFIER = com.etienneduplessix.memoryspace;
				PRODUCT_NAME = "Memory Space";
				SDKROOT = iphoneos;
				SWIFT_STRICT_CONCURRENCY = minimal;
				SWIFT_VERSION = 5.0;
				TARGETED_DEVICE_FAMILY = 1;
				VALIDATE_PRODUCT = YES;
			};
			name = Release;
		};
		6AC3C1D5F21FD56606F2BEBB /* Debug */ = {
			isa = XCBuildConfiguration;
			buildSettings = {
				ALWAYS_SEARCH_USER_PATHS = NO;
				CLANG_ANALYZER_NONNULL = YES;
				CLANG_ANALYZER_NUMBER_OBJECT_CONVERSION = YES_AGGRESSIVE;
				CLANG_CXX_LANGUAGE_STANDARD = "gnu++14";
				CLANG_CXX_LIBRARY = "libc++";
				CLANG_ENABLE_MODULES = YES;
				CLANG_ENABLE_OBJC_ARC = YES;
				CLANG_ENABLE_OBJC_WEAK = YES;
				CLANG_WARN_BLOCK_CAPTURE_AUTORELEASING = YES;
				CLANG_WARN_BOOL_CONVERSION = YES;
				CLANG_WARN_COMMA = YES;
				CLANG_WARN_CONSTANT_CONVERSION = YES;
				CLANG_WARN_DEPRECATED_OBJC_IMPLEMENTATIONS = YES;
				CLANG_WARN_DIRECT_OBJC_ISA_USAGE = YES_ERROR;
				CLANG_WARN_DOCUMENTATION_COMMENTS = YES;
				CLANG_WARN_EMPTY_BODY = YES;
				CLANG_WARN_ENUM_CONVERSION = YES;
				CLANG_WARN_INFINITE_RECURSION = YES;
				CLANG_WARN_INT_CONVERSION = YES;
				CLANG_WARN_NON_LITERAL_NULL_CONVERSION = YES;
				CLANG_WARN_OBJC_IMPLICIT_RETAIN_SELF = YES;
				CLANG_WARN_OBJC_LITERAL_CONVERSION = YES;
				CLANG_WARN_OBJC_ROOT_CLASS = YES_ERROR;
				CLANG_WARN_QUOTED_INCLUDE_IN_FRAMEWORK_HEADER = YES;
				CLANG_WARN_RANGE_LOOP_ANALYSIS = YES;
				CLANG_WARN_STRICT_PROTOTYPES = YES;
				CLANG_WARN_SUSPICIOUS_MOVE = YES;
				CLANG_WARN_UNGUARDED_AVAILABILITY = YES_AGGRESSIVE;
				CLANG_WARN_UNREACHABLE_CODE = YES;
				CLANG_WARN__DUPLICATE_METHOD_MATCH = YES;
				COPY_PHASE_STRIP = NO;
				DEBUG_INFORMATION_FORMAT = dwarf;
				ENABLE_STRICT_OBJC_MSGSEND = YES;
				ENABLE_TESTABILITY = YES;
				GCC_C_LANGUAGE_STANDARD = gnu11;
				GCC_DYNAMIC_NO_PIC = NO;
				GCC_NO_COMMON_BLOCKS = YES;
				GCC_OPTIMIZATION_LEVEL = 0;
				GCC_PREPROCESSOR_DEFINITIONS = (
					"DEBUG=1",
					"$(inherited)",
				);
				GCC_WARN_64_TO_32_BIT_CONVERSION = YES;
				GCC_WARN_ABOUT_RETURN_TYPE = YES_ERROR;
				GCC_WARN_UNDECLARED_SELECTOR = YES;
				GCC_WARN_UNINITIALIZED_AUTOS = YES_AGGRESSIVE;
				GCC_WARN_UNUSED_FUNCTION = YES;
				GCC_WARN_UNUSED_VARIABLE = YES;
				MTL_ENABLE_DEBUG_INFO = INCLUDE_SOURCE;
				MTL_FAST_MATH = YES;
				ONLY_ACTIVE_ARCH = YES;
				PRODUCT_NAME = "$(TARGET_NAME)";
				SWIFT_ACTIVE_COMPILATION_CONDITIONS = DEBUG;
				SWIFT_OPTIMIZATION_LEVEL = "-Onone";
				SWIFT_VERSION = 5.0;
			};
			name = Debug;
		};
		AC745CCC975E4A4563185569 /* Release */ = {
			isa = XCBuildConfiguration;
			buildSettings = {
				ALWAYS_SEARCH_USER_PATHS = NO;
				CLANG_ANALYZER_NONNULL = YES;
				CLANG_ANALYZER_NUMBER_OBJECT_CONVERSION = YES_AGGRESSIVE;
				CLANG_CXX_LANGUAGE_STANDARD = "gnu++14";
				CLANG_CXX_LIBRARY = "libc++";
				CLANG_ENABLE_MODULES = YES;
				CLANG_ENABLE_OBJC_ARC = YES;
				CLANG_ENABLE_OBJC_WEAK = YES;
				CLANG_WARN_BLOCK_CAPTURE_AUTORELEASING = YES;
				CLANG_WARN_BOOL_CONVERSION = YES;
				CLANG_WARN_COMMA = YES;
				CLANG_WARN_CONSTANT_CONVERSION = YES;
				CLANG_WARN_DEPRECATED_OBJC_IMPLEMENTATIONS = YES;
				CLANG_WARN_DIRECT_OBJC_ISA_USAGE = YES_ERROR;
				CLANG_WARN_DOCUMENTATION_COMMENTS = YES;
				CLANG_WARN_EMPTY_BODY = YES;
				CLANG_WARN_ENUM_CONVERSION = YES;
				CLANG_WARN_INFINITE_RECURSION = YES;
				CLANG_WARN_INT_CONVERSION = YES;
				CLANG_WARN_NON_LITERAL_NULL_CONVERSION = YES;
				CLANG_WARN_OBJC_IMPLICIT_RETAIN_SELF = YES;
				CLANG_WARN_OBJC_LITERAL_CONVERSION = YES;
				CLANG_WARN_OBJC_ROOT_CLASS = YES_ERROR;
				CLANG_WARN_QUOTED_INCLUDE_IN_FRAMEWORK_HEADER = YES;
				CLANG_WARN_RANGE_LOOP_ANALYSIS = YES;
				CLANG_WARN_STRICT_PROTOTYPES = YES;
				CLANG_WARN_SUSPICIOUS_MOVE = YES;
				CLANG_WARN_UNGUARDED_AVAILABILITY = YES_AGGRESSIVE;
				CLANG_WARN_UNREACHABLE_CODE = YES;
				CLANG_WARN__DUPLICATE_METHOD_MATCH = YES;
				COPY_PHASE_STRIP = NO;
				DEBUG_INFORMATION_FORMAT = "dwarf-with-dsym";
				ENABLE_NS_ASSERTIONS = NO;
				ENABLE_STRICT_OBJC_MSGSEND = YES;
				GCC_C_LANGUAGE_STANDARD = gnu11;
				GCC_NO_COMMON_BLOCKS = YES;
				GCC_WARN_64_TO_32_BIT_CONVERSION = YES;
				GCC_WARN_ABOUT_RETURN_TYPE = YES_ERROR;
				GCC_WARN_UNDECLARED_SELECTOR = YES;
				GCC_WARN_UNINITIALIZED_AUTOS = YES_AGGRESSIVE;
				GCC_WARN_UNUSED_FUNCTION = YES;
				GCC_WARN_UNUSED_VARIABLE = YES;
				MTL_ENABLE_DEBUG_INFO = NO;
				MTL_FAST_MATH = YES;
				PRODUCT_NAME = "$(TARGET_NAME)";
				SWIFT_COMPILATION_MODE = wholemodule;
				SWIFT_OPTIMIZATION_LEVEL = "-O";
				SWIFT_VERSION = 5.0;
			};
			name = Release;
		};
/* End XCBuildConfiguration section */

/* Begin XCConfigurationList section */
		913DD25FA767F5E15BECB91E /* Build configuration list for PBXNativeTarget "MemorySpace" */ = {
			isa = XCConfigurationList;
			buildConfigurations = (
				4F4BE3CE0BE9252A6A6AC139 /* Release */,
				032EE547D502152B22A0FF85 /* Debug */,
			);
			defaultConfigurationIsVisible = 0;
			defaultConfigurationName = Release;
		};
		D442D9089847FA4290E1D4AE /* Build configuration list for PBXProject "MemorySpace" */ = {
			isa = XCConfigurationList;
			buildConfigurations = (
				6AC3C1D5F21FD56606F2BEBB /* Debug */,
				AC745CCC975E4A4563185569 /* Release */,
			);
			defaultConfigurationIsVisible = 0;
			defaultConfigurationName = Release;
		};
/* End XCConfigurationList section */
	};
	rootObject = E2A85F53F8AE11E7FE27FF48 /* Project object */;
}
