// !$*UTF8*$!
{
	archiveVersion = 1;
	classes = {
	};
	objectVersion = 46;
	objects = {

/* Begin PBXBuildFile section */
		161279D353C14CDC4EB26127 /* CaptureItem.swift in Sources */ = {isa = PBXBuildFile; fileRef = BBEFFCCD3D4CCA226FB54888 /* CaptureItem.swift */; };
		25C1B77E647787DD8B34F156 /* MemorySpaceStore.swift in Sources */ = {isa = PBXBuildFile; fileRef = 17CA72317841D34C36FEB2D3 /* MemorySpaceStore.swift */; };
		4F13D9A2C3C59AE8AD0BEBA6 /* AVFoundation.framework in Frameworks */ = {isa = PBXBuildFile; fileRef = 58416A3782BEAD1112E489AF /* AVFoundation.framework */; };
		58623E1C351C497174BECAF5 /* Speech.framework in Frameworks */ = {isa = PBXBuildFile; fileRef = 72ED20590473E75BC19045FB /* Speech.framework */; };
		71CD93F2F4674368FC5B1B67 /* ContentView.swift in Sources */ = {isa = PBXBuildFile; fileRef = AEFD9D49AB861B16B03ECA87 /* ContentView.swift */; };
		791D589731FAC5BB8216F5AA /* AudioRecorder.swift in Sources */ = {isa = PBXBuildFile; fileRef = 0157A472F4263B94B4F3594D /* AudioRecorder.swift */; };
		81D4298435FA4B689A94146C /* MemorySpaceApp.swift in Sources */ = {isa = PBXBuildFile; fileRef = B09B7D59F33F57BC1040862C /* MemorySpaceApp.swift */; };
		828138F03338D1569A364886 /* TextExtractor.swift in Sources */ = {isa = PBXBuildFile; fileRef = E6909D8D985A68618E631168 /* TextExtractor.swift */; };
		83762F3EDE78A6CF57CE0EA8 /* CameraPicker.swift in Sources */ = {isa = PBXBuildFile; fileRef = C702B62011493F4744C99B95 /* CameraPicker.swift */; };
		A2610A27EE04654C094FA6B4 /* UIKit.framework in Frameworks */ = {isa = PBXBuildFile; fileRef = 039C363E8180E9ECD127345E /* UIKit.framework */; };
		A4A6DAC0CEF23F21469368A6 /* LocalFileStore.swift in Sources */ = {isa = PBXBuildFile; fileRef = F5ACCF1DA874B29D0524FCC8 /* LocalFileStore.swift */; };
		A4D4A853713B9A61DE1159D8 /* SwiftUI.framework in Frameworks */ = {isa = PBXBuildFile; fileRef = C7137C190435252D1A808494 /* SwiftUI.framework */; };
		AB23AFA1C33DD7BF950A29B2 /* QuickCaptureView.swift in Sources */ = {isa = PBXBuildFile; fileRef = 501EF836B67374107FDA2BDC /* QuickCaptureView.swift */; };
		B5FBA224B1E353ECA1836D71 /* AppIntents.framework in Frameworks */ = {isa = PBXBuildFile; fileRef = C780E3A9C79BECBC7563A010 /* AppIntents.framework */; };
		BA8C1A9A929588CBCFA74B28 /* Foundation.framework in Frameworks */ = {isa = PBXBuildFile; fileRef = F956DB9233859D92DD4C1027 /* Foundation.framework */; };
		C596A0B8CEA7A672CDC8B1E7 /* SwiftData.framework in Frameworks */ = {isa = PBXBuildFile; fileRef = 7A51DB062BA3EFE84CC2F58E /* SwiftData.framework */; };
		CC0548F3A94C0D2C73C96BE9 /* QuickCaptureIntent.swift in Sources */ = {isa = PBXBuildFile; fileRef = CECB8F1E3B599A7616E1EF98 /* QuickCaptureIntent.swift */; };
		D1681AEC675D2DF0C8A05BD5 /* SpeechTranscriber.swift in Sources */ = {isa = PBXBuildFile; fileRef = EF436FA6A35808583A0A3013 /* SpeechTranscriber.swift */; };
		DEBB0DEEBABBBB19C3143B1D /* Vision.framework in Frameworks */ = {isa = PBXBuildFile; fileRef = C9B845DDC4929A18BC8DE683 /* Vision.framework */; };
		F0265B8AFEAC94EC02686D79 /* PhotosUI.framework in Frameworks */ = {isa = PBXBuildFile; fileRef = AA7408F0799D86E94BF042FE /* PhotosUI.framework */; };
		F5BE7F558FDE7DB8B12D8FAA /* CaptureDetailView.swift in Sources */ = {isa = PBXBuildFile; fileRef = E5AC3C8FEA85C6E6BDE18868 /* CaptureDetailView.swift */; };
/* End PBXBuildFile section */

/* Begin PBXFileReference section */
		0157A472F4263B94B4F3594D /* AudioRecorder.swift */ = {isa = PBXFileReference; includeInIndex = 1; lastKnownFileType = sourcecode.swift; path = AudioRecorder.swift; sourceTree = "<group>"; };
		039C363E8180E9ECD127345E /* UIKit.framework */ = {isa = PBXFileReference; lastKnownFileType = wrapper.framework; name = UIKit.framework; path = System/Library/Frameworks/UIKit.framework; sourceTree = SDKROOT; };
		17CA72317841D34C36FEB2D3 /* MemorySpaceStore.swift */ = {isa = PBXFileReference; includeInIndex = 1; lastKnownFileType = sourcecode.swift; path = MemorySpaceStore.swift; sourceTree = "<group>"; };
		501EF836B67374107FDA2BDC /* QuickCaptureView.swift */ = {isa = PBXFileReference; includeInIndex = 1; lastKnownFileType = sourcecode.swift; path = QuickCaptureView.swift; sourceTree = "<group>"; };
		58416A3782BEAD1112E489AF /* AVFoundation.framework */ = {isa = PBXFileReference; lastKnownFileType = wrapper.framework; name = AVFoundation.framework; path = System/Library/Frameworks/AVFoundation.framework; sourceTree = SDKROOT; };
		72ED20590473E75BC19045FB /* Speech.framework */ = {isa = PBXFileReference; lastKnownFileType = wrapper.framework; name = Speech.framework; path = System/Library/Frameworks/Speech.framework; sourceTree = SDKROOT; };
		7A51DB062BA3EFE84CC2F58E /* SwiftData.framework */ = {isa = PBXFileReference; lastKnownFileType = wrapper.framework; name = SwiftData.framework; path = System/Library/Frameworks/SwiftData.framework; sourceTree = SDKROOT; };
		7FB5919B2E8E69A9558EA190 /* Info.plist */ = {isa = PBXFileReference; includeInIndex = 1; lastKnownFileType = text.plist.xml; path = Info.plist; sourceTree = "<group>"; };
		8EC2BC674FE60E73A719046D /* MemorySpace.app */ = {isa = PBXFileReference; explicitFileType = wrapper.application; includeInIndex = 0; path = MemorySpace.app; sourceTree = BUILT_PRODUCTS_DIR; };
		AA7408F0799D86E94BF042FE /* PhotosUI.framework */ = {isa = PBXFileReference; lastKnownFileType = wrapper.framework; name = PhotosUI.framework; path = System/Library/Frameworks/PhotosUI.framework; sourceTree = SDKROOT; };
		AEFD9D49AB861B16B03ECA87 /* ContentView.swift */ = {isa = PBXFileReference; includeInIndex = 1; lastKnownFileType = sourcecode.swift; path = ContentView.swift; sourceTree = "<group>"; };
		B09B7D59F33F57BC1040862C /* MemorySpaceApp.swift */ = {isa = PBXFileReference; includeInIndex = 1; lastKnownFileType = sourcecode.swift; path = MemorySpaceApp.swift; sourceTree = "<group>"; };
		BBEFFCCD3D4CCA226FB54888 /* CaptureItem.swift */ = {isa = PBXFileReference; includeInIndex = 1; lastKnownFileType = sourcecode.swift; path = CaptureItem.swift; sourceTree = "<group>"; };
		C702B62011493F4744C99B95 /* CameraPicker.swift */ = {isa = PBXFileReference; includeInIndex = 1; lastKnownFileType = sourcecode.swift; path = CameraPicker.swift; sourceTree = "<group>"; };
		C7137C190435252D1A808494 /* SwiftUI.framework */ = {isa = PBXFileReference; lastKnownFileType = wrapper.framework; name = SwiftUI.framework; path = System/Library/Frameworks/SwiftUI.framework; sourceTree = SDKROOT; };
		C780E3A9C79BECBC7563A010 /* AppIntents.framework */ = {isa = PBXFileReference; lastKnownFileType = wrapper.framework; name = AppIntents.framework; path = System/Library/Frameworks/AppIntents.framework; sourceTree = SDKROOT; };
		C9B845DDC4929A18BC8DE683 /* Vision.framework */ = {isa = PBXFileReference; lastKnownFileType = wrapper.framework; name = Vision.framework; path = System/Library/Frameworks/Vision.framework; sourceTree = SDKROOT; };
		CECB8F1E3B599A7616E1EF98 /* QuickCaptureIntent.swift */ = {isa = PBXFileReference; includeInIndex = 1; lastKnownFileType = sourcecode.swift; path = QuickCaptureIntent.swift; sourceTree = "<group>"; };
		E5AC3C8FEA85C6E6BDE18868 /* CaptureDetailView.swift */ = {isa = PBXFileReference; includeInIndex = 1; lastKnownFileType = sourcecode.swift; path = CaptureDetailView.swift; sourceTree = "<group>"; };
		E6909D8D985A68618E631168 /* TextExtractor.swift */ = {isa = PBXFileReference; includeInIndex = 1; lastKnownFileType = sourcecode.swift; path = TextExtractor.swift; sourceTree = "<group>"; };
		EF436FA6A35808583A0A3013 /* SpeechTranscriber.swift */ = {isa = PBXFileReference; includeInIndex = 1; lastKnownFileType = sourcecode.swift; path = SpeechTranscriber.swift; sourceTree = "<group>"; };
		F5ACCF1DA874B29D0524FCC8 /* LocalFileStore.swift */ = {isa = PBXFileReference; includeInIndex = 1; lastKnownFileType = sourcecode.swift; path = LocalFileStore.swift; sourceTree = "<group>"; };
		F956DB9233859D92DD4C1027 /* Foundation.framework */ = {isa = PBXFileReference; lastKnownFileType = wrapper.framework; name = Foundation.framework; path = Platforms/iPhoneOS.platform/Developer/SDKs/iPhoneOS26.0.sdk/System/Library/Frameworks/Foundation.framework; sourceTree = DEVELOPER_DIR; };
/* End PBXFileReference section */

/* Begin PBXFrameworksBuildPhase section */
		4AD313E26C4CA8C5058C928F /* Frameworks */ = {
			isa = PBXFrameworksBuildPhase;
			buildActionMask = 2147483647;
			files = (
				BA8C1A9A929588CBCFA74B28 /* Foundation.framework in Frameworks */,
				B5FBA224B1E353ECA1836D71 /* AppIntents.framework in Frameworks */,
				4F13D9A2C3C59AE8AD0BEBA6 /* AVFoundation.framework in Frameworks */,
				F0265B8AFEAC94EC02686D79 /* PhotosUI.framework in Frameworks */,
				58623E1C351C497174BECAF5 /* Speech.framework in Frameworks */,
				C596A0B8CEA7A672CDC8B1E7 /* SwiftData.framework in Frameworks */,
				A4D4A853713B9A61DE1159D8 /* SwiftUI.framework in Frameworks */,
				A2610A27EE04654C094FA6B4 /* UIKit.framework in Frameworks */,
				DEBB0DEEBABBBB19C3143B1D /* Vision.framework in Frameworks */,
			);
			runOnlyForDeploymentPostprocessing = 0;
		};
/* End PBXFrameworksBuildPhase section */

/* Begin PBXGroup section */
		1A62C7AFF8628049E8D0E7E5 /* Supporting */ = {
			isa = PBXGroup;
			children = (
				7FB5919B2E8E69A9558EA190 /* Info.plist */,
			);
			name = Supporting;
			path = Supporting;
			sourceTree = "<group>";
		};
		2B7BDA1A2A201251543DBECD = {
			isa = PBXGroup;
			children = (
				B066E3FC25CA3A119DD6B232 /* Products */,
				8DD0086343BCC05FDFFB3CD1 /* Frameworks */,
				EE251BCAADAAAAB88858BC6C /* MemorySpace */,
			);
			sourceTree = "<group>";
		};
		746FB94B69CBF695BEEEDBB3 /* iOS */ = {
			isa = PBXGroup;
			children = (
				F956DB9233859D92DD4C1027 /* Foundation.framework */,
			);
			name = iOS;
			sourceTree = "<group>";
		};
		8B0712B62DAB78349BC862BF /* Models */ = {
			isa = PBXGroup;
			children = (
				BBEFFCCD3D4CCA226FB54888 /* CaptureItem.swift */,
			);
			name = Models;
			path = Models;
			sourceTree = "<group>";
		};
		8DD0086343BCC05FDFFB3CD1 /* Frameworks */ = {
			isa = PBXGroup;
			children = (
				746FB94B69CBF695BEEEDBB3 /* iOS */,
				C780E3A9C79BECBC7563A010 /* AppIntents.framework */,
				58416A3782BEAD1112E489AF /* AVFoundation.framework */,
				AA7408F0799D86E94BF042FE /* PhotosUI.framework */,
				72ED20590473E75BC19045FB /* Speech.framework */,
				7A51DB062BA3EFE84CC2F58E /* SwiftData.framework */,
				C7137C190435252D1A808494 /* SwiftUI.framework */,
				039C363E8180E9ECD127345E /* UIKit.framework */,
				C9B845DDC4929A18BC8DE683 /* Vision.framework */,
			);
			name = Frameworks;
			sourceTree = "<group>";
		};
		AE287C1C85CEED81CB19AD61 /* Views */ = {
			isa = PBXGroup;
			children = (
				C702B62011493F4744C99B95 /* CameraPicker.swift */,
				E5AC3C8FEA85C6E6BDE18868 /* CaptureDetailView.swift */,
				AEFD9D49AB861B16B03ECA87 /* ContentView.swift */,
				501EF836B67374107FDA2BDC /* QuickCaptureView.swift */,
			);
			name = Views;
			path = Views;
			sourceTree = "<group>";
		};
		AEC7DEEFBF4E474A53D109DF /* Services */ = {
			isa = PBXGroup;
			children = (
				0157A472F4263B94B4F3594D /* AudioRecorder.swift */,
				F5ACCF1DA874B29D0524FCC8 /* LocalFileStore.swift */,
				17CA72317841D34C36FEB2D3 /* MemorySpaceStore.swift */,
				CECB8F1E3B599A7616E1EF98 /* QuickCaptureIntent.swift */,
				EF436FA6A35808583A0A3013 /* SpeechTranscriber.swift */,
				E6909D8D985A68618E631168 /* TextExtractor.swift */,
			);
			name = Services;
			path = Services;
			sourceTree = "<group>";
		};
		B066E3FC25CA3A119DD6B232 /* Products */ = {
			isa = PBXGroup;
			children = (
				8EC2BC674FE60E73A719046D /* MemorySpace.app */,
			);
			name = Products;
			sourceTree = "<group>";
		};
		BB648765D5AEE44C037962C6 /* App */ = {
			isa = PBXGroup;
			children = (
				B09B7D59F33F57BC1040862C /* MemorySpaceApp.swift */,
			);
			name = App;
			path = App;
			sourceTree = "<group>";
		};
		EE251BCAADAAAAB88858BC6C /* MemorySpace */ = {
			isa = PBXGroup;
			children = (
				BB648765D5AEE44C037962C6 /* App */,
				8B0712B62DAB78349BC862BF /* Models */,
				AEC7DEEFBF4E474A53D109DF /* Services */,
				AE287C1C85CEED81CB19AD61 /* Views */,
				1A62C7AFF8628049E8D0E7E5 /* Supporting */,
			);
			name = MemorySpace;
			path = MemorySpace;
			sourceTree = "<group>";
		};
/* End PBXGroup section */

/* Begin PBXNativeTarget section */
		11906BA310A10BE9A55DEBB0 /* MemorySpace */ = {
			isa = PBXNativeTarget;
			buildConfigurationList = 97B17DFEA0D44FF5CB3D1EF2 /* Build configuration list for PBXNativeTarget "MemorySpace" */;
			buildPhases = (
				994FB3AFBD4AA0B0AAD696A2 /* Sources */,
				4AD313E26C4CA8C5058C928F /* Frameworks */,
				E5508F0B8F0648C903AE2501 /* Resources */,
			);
			buildRules = (
			);
			dependencies = (
			);
			name = MemorySpace;
			productName = "Memory Space";
			productReference = 8EC2BC674FE60E73A719046D /* MemorySpace.app */;
			productType = "com.apple.product-type.application";
		};
/* End PBXNativeTarget section */

/* Begin PBXProject section */
		541BD7DF66F5B98C47FE2557 /* Project object */ = {
			isa = PBXProject;
			attributes = {
				LastSwiftUpdateCheck = 1600;
				LastUpgradeCheck = 1600;
			};
			buildConfigurationList = 808B2B33BB67C5D4CA81C000 /* Build configuration list for PBXProject "MemorySpace" */;
			compatibilityVersion = "Xcode 3.2";
			developmentRegion = en;
			hasScannedForEncodings = 0;
			knownRegions = (
				en,
				Base,
			);
			mainGroup = 2B7BDA1A2A201251543DBECD;
			minimizedProjectReferenceProxies = 0;
			preferredProjectObjectVersion = 100;
			productRefGroup = B066E3FC25CA3A119DD6B232 /* Products */;
			projectDirPath = "";
			projectRoot = "";
			targets = (
				11906BA310A10BE9A55DEBB0 /* MemorySpace */,
			);
		};
/* End PBXProject section */

/* Begin PBXResourcesBuildPhase section */
		E5508F0B8F0648C903AE2501 /* Resources */ = {
			isa = PBXResourcesBuildPhase;
			buildActionMask = 2147483647;
			files = (
			);
			runOnlyForDeploymentPostprocessing = 0;
		};
/* End PBXResourcesBuildPhase section */

/* Begin PBXSourcesBuildPhase section */
		994FB3AFBD4AA0B0AAD696A2 /* Sources */ = {
			isa = PBXSourcesBuildPhase;
			buildActionMask = 2147483647;
			files = (
				81D4298435FA4B689A94146C /* MemorySpaceApp.swift in Sources */,
				161279D353C14CDC4EB26127 /* CaptureItem.swift in Sources */,
				791D589731FAC5BB8216F5AA /* AudioRecorder.swift in Sources */,
				A4A6DAC0CEF23F21469368A6 /* LocalFileStore.swift in Sources */,
				25C1B77E647787DD8B34F156 /* MemorySpaceStore.swift in Sources */,
				CC0548F3A94C0D2C73C96BE9 /* QuickCaptureIntent.swift in Sources */,
				D1681AEC675D2DF0C8A05BD5 /* SpeechTranscriber.swift in Sources */,
				828138F03338D1569A364886 /* TextExtractor.swift in Sources */,
				83762F3EDE78A6CF57CE0EA8 /* CameraPicker.swift in Sources */,
				F5BE7F558FDE7DB8B12D8FAA /* CaptureDetailView.swift in Sources */,
				71CD93F2F4674368FC5B1B67 /* ContentView.swift in Sources */,
				AB23AFA1C33DD7BF950A29B2 /* QuickCaptureView.swift in Sources */,
			);
			runOnlyForDeploymentPostprocessing = 0;
		};
/* End PBXSourcesBuildPhase section */

/* Begin XCBuildConfiguration section */
		3ADB896ABF0BED0C3F6EEA69 /* Debug */ = {
			isa = XCBuildConfiguration;
			buildSettings = {
				ALWAYS_SEARCH_USER_PATHS = NO;
				CLANG_ANALYZER_NONNULL = YES;
				CLANG_ANALYZER_NUMBER_OBJECT_CONVERSION = YES_AGGRESSIVE;
				CLANG_CXX_LANGUAGE_STANDARD = "gnu++14";
				CLANG_CXX_LIBRARY = "libc++";
				CLANG_ENABLE_MODULES = YES;
				CLANG_ENABLE_OBJC_ARC = YES;
				CLANG_ENABLE_OBJC_WEAK = YES;
				CLANG_WARN_BLOCK_CAPTURE_AUTORELEASING = YES;
				CLANG_WARN_BOOL_CONVERSION = YES;
				CLANG_WARN_COMMA = YES;
				CLANG_WARN_CONSTANT_CONVERSION = YES;
				CLANG_WARN_DEPRECATED_OBJC_IMPLEMENTATIONS = YES;
				CLANG_WARN_DIRECT_OBJC_ISA_USAGE = YES_ERROR;
				CLANG_WARN_DOCUMENTATION_COMMENTS = YES;
				CLANG_WARN_EMPTY_BODY = YES;
				CLANG_WARN_ENUM_CONVERSION = YES;
				CLANG_WARN_INFINITE_RECURSION = YES;
				CLANG_WARN_INT_CONVERSION = YES;
				CLANG_WARN_NON_LITERAL_NULL_CONVERSION = YES;
				CLANG_WARN_OBJC_IMPLICIT_RETAIN_SELF = YES;
				CLANG_WARN_OBJC_LITERAL_CONVERSION = YES;
				CLANG_WARN_OBJC_ROOT_CLASS = YES_ERROR;
				CLANG_WARN_QUOTED_INCLUDE_IN_FRAMEWORK_HEADER = YES;
				CLANG_WARN_RANGE_LOOP_ANALYSIS = YES;
				CLANG_WARN_STRICT_PROTOTYPES = YES;
				CLANG_WARN_SUSPICIOUS_MOVE = YES;
				CLANG_WARN_UNGUARDED_AVAILABILITY = YES_AGGRESSIVE;
				CLANG_WARN_UNREACHABLE_CODE = YES;
				CLANG_WARN__DUPLICATE_METHOD_MATCH = YES;
				COPY_PHASE_STRIP = NO;
				DEBUG_INFORMATION_FORMAT = dwarf;
				ENABLE_STRICT_OBJC_MSGSEND = YES;
				ENABLE_TESTABILITY = YES;
				GCC_C_LANGUAGE_STANDARD = gnu11;
				GCC_DYNAMIC_NO_PIC = NO;
				GCC_NO_COMMON_BLOCKS = YES;
				GCC_OPTIMIZATION_LEVEL = 0;
				GCC_PREPROCESSOR_DEFINITIONS = (
					"DEBUG=1",
					"$(inherited)",
				);
				GCC_WARN_64_TO_32_BIT_CONVERSION = YES;
				GCC_WARN_ABOUT_RETURN_TYPE = YES_ERROR;
				GCC_WARN_UNDECLARED_SELECTOR = YES;
				GCC_WARN_UNINITIALIZED_AUTOS = YES_AGGRESSIVE;
				GCC_WARN_UNUSED_FUNCTION = YES;
				GCC_WARN_UNUSED_VARIABLE = YES;
				MTL_ENABLE_DEBUG_INFO = INCLUDE_SOURCE;
				MTL_FAST_MATH = YES;
				ONLY_ACTIVE_ARCH = YES;
				PRODUCT_NAME = "$(TARGET_NAME)";
				SWIFT_ACTIVE_COMPILATION_CONDITIONS = DEBUG;
				SWIFT_OPTIMIZATION_LEVEL = "-Onone";
				SWIFT_VERSION = 5.0;
			};
			name = Debug;
		};
		4A2FBE7EC20399D2A6B093ED /* Release */ = {
			isa = XCBuildConfiguration;
			buildSettings = {
				ASSETCATALOG_COMPILER_APPICON_NAME = AppIcon;
				ASSETCATALOG_COMPILER_GLOBAL_ACCENT_COLOR_NAME = AccentColor;
				CLANG_ENABLE_OBJC_WEAK = NO;
				CODE_SIGN_STYLE = Automatic;
				CURRENT_PROJECT_VERSION = 1;
				GENERATE_INFOPLIST_FILE = NO;
				INFOPLIST_FILE = MemorySpace/Supporting/Info.plist;
				IPHONEOS_DEPLOYMENT_TARGET = 17.0;
				LD_RUNPATH_SEARCH_PATHS = "$(inherited) @executable_path/Frameworks";
				MARKETING_VERSION = 0.1.0;
				PRODUCT_BUNDLE_IDENTIFIER = com.etienneduplessix.memoryspace;
				PRODUCT_NAME = "Memory Space";
				SDKROOT = iphoneos;
				SWIFT_STRICT_CONCURRENCY = minimal;
				SWIFT_VERSION = 5.0;
				TARGETED_DEVICE_FAMILY = 1;
				VALIDATE_PRODUCT = YES;
			};
			name = Release;
		};
		90418902E8EB61527164E84E /* Release */ = {
			isa = XCBuildConfiguration;
			buildSettings = {
				ALWAYS_SEARCH_USER_PATHS = NO;
				CLANG_ANALYZER_NONNULL = YES;
				CLANG_ANALYZER_NUMBER_OBJECT_CONVERSION = YES_AGGRESSIVE;
				CLANG_CXX_LANGUAGE_STANDARD = "gnu++14";
				CLANG_CXX_LIBRARY = "libc++";
				CLANG_ENABLE_MODULES = YES;
				CLANG_ENABLE_OBJC_ARC = YES;
				CLANG_ENABLE_OBJC_WEAK = YES;
				CLANG_WARN_BLOCK_CAPTURE_AUTORELEASING = YES;
				CLANG_WARN_BOOL_CONVERSION = YES;
				CLANG_WARN_COMMA = YES;
				CLANG_WARN_CONSTANT_CONVERSION = YES;
				CLANG_WARN_DEPRECATED_OBJC_IMPLEMENTATIONS = YES;
				CLANG_WARN_DIRECT_OBJC_ISA_USAGE = YES_ERROR;
				CLANG_WARN_DOCUMENTATION_COMMENTS = YES;
				CLANG_WARN_EMPTY_BODY = YES;
				CLANG_WARN_ENUM_CONVERSION = YES;
				CLANG_WARN_INFINITE_RECURSION = YES;
				CLANG_WARN_INT_CONVERSION = YES;
				CLANG_WARN_NON_LITERAL_NULL_CONVERSION = YES;
				CLANG_WARN_OBJC_IMPLICIT_RETAIN_SELF = YES;
				CLANG_WARN_OBJC_LITERAL_CONVERSION = YES;
				CLANG_WARN_OBJC_ROOT_CLASS = YES_ERROR;
				CLANG_WARN_QUOTED_INCLUDE_IN_FRAMEWORK_HEADER = YES;
				CLANG_WARN_RANGE_LOOP_ANALYSIS = YES;
				CLANG_WARN_STRICT_PROTOTYPES = YES;
				CLANG_WARN_SUSPICIOUS_MOVE = YES;
				CLANG_WARN_UNGUARDED_AVAILABILITY = YES_AGGRESSIVE;
				CLANG_WARN_UNREACHABLE_CODE = YES;
				CLANG_WARN__DUPLICATE_METHOD_MATCH = YES;
				COPY_PHASE_STRIP = NO;
				DEBUG_INFORMATION_FORMAT = "dwarf-with-dsym";
				ENABLE_NS_ASSERTIONS = NO;
				ENABLE_STRICT_OBJC_MSGSEND = YES;
				GCC_C_LANGUAGE_STANDARD = gnu11;
				GCC_NO_COMMON_BLOCKS = YES;
				GCC_WARN_64_TO_32_BIT_CONVERSION = YES;
				GCC_WARN_ABOUT_RETURN_TYPE = YES_ERROR;
				GCC_WARN_UNDECLARED_SELECTOR = YES;
				GCC_WARN_UNINITIALIZED_AUTOS = YES_AGGRESSIVE;
				GCC_WARN_UNUSED_FUNCTION = YES;
				GCC_WARN_UNUSED_VARIABLE = YES;
				MTL_ENABLE_DEBUG_INFO = NO;
				MTL_FAST_MATH = YES;
				PRODUCT_NAME = "$(TARGET_NAME)";
				SWIFT_COMPILATION_MODE = wholemodule;
				SWIFT_OPTIMIZATION_LEVEL = "-O";
				SWIFT_VERSION = 5.0;
			};
			name = Release;
		};
		BD0AD9BE507F4E431184980F /* Debug */ = {
			isa = XCBuildConfiguration;
			buildSettings = {
				ASSETCATALOG_COMPILER_APPICON_NAME = AppIcon;
				ASSETCATALOG_COMPILER_GLOBAL_ACCENT_COLOR_NAME = AccentColor;
				CLANG_ENABLE_OBJC_WEAK = NO;
				CODE_SIGN_STYLE = Automatic;
				CURRENT_PROJECT_VERSION = 1;
				GENERATE_INFOPLIST_FILE = NO;
				INFOPLIST_FILE = MemorySpace/Supporting/Info.plist;
				IPHONEOS_DEPLOYMENT_TARGET = 17.0;
				LD_RUNPATH_SEARCH_PATHS = "$(inherited) @executable_path/Frameworks";
				MARKETING_VERSION = 0.1.0;
				PRODUCT_BUNDLE_IDENTIFIER = com.etienneduplessix.memoryspace;
				PRODUCT_NAME = "Memory Space";
				SDKROOT = iphoneos;
				SWIFT_STRICT_CONCURRENCY = minimal;
				SWIFT_VERSION = 5.0;
				TARGETED_DEVICE_FAMILY = 1;
			};
			name = Debug;
		};
/* End XCBuildConfiguration section */

/* Begin XCConfigurationList section */
		808B2B33BB67C5D4CA81C000 /* Build configuration list for PBXProject "MemorySpace" */ = {
			isa = XCConfigurationList;
			buildConfigurations = (
				3ADB896ABF0BED0C3F6EEA69 /* Debug */,
				90418902E8EB61527164E84E /* Release */,
			);
			defaultConfigurationIsVisible = 0;
			defaultConfigurationName = Release;
		};
		97B17DFEA0D44FF5CB3D1EF2 /* Build configuration list for PBXNativeTarget "MemorySpace" */ = {
			isa = XCConfigurationList;
			buildConfigurations = (
				4A2FBE7EC20399D2A6B093ED /* Release */,
				BD0AD9BE507F4E431184980F /* Debug */,
			);
			defaultConfigurationIsVisible = 0;
			defaultConfigurationName = Release;
		};
/* End XCConfigurationList section */
	};
	rootObject = 541BD7DF66F5B98C47FE2557 /* Project object */;
}
